
Microsoft Visual Studio Solution File, Format Version 12.00
# Visual Studio Version 17
VisualStudioVersion = 17.5.002.0
MinimumVisualStudioVersion = 10.0.40219.1
Project("{9A19103F-16F7-4668-BE54-9A1E7A4F7556}") = "CapitalPlacementTask.Api", "CapitalPlacementTask.Api\CapitalPlacementTask.Api.csproj", "{7EF1F9F3-E982-43E1-B857-E360EE9567FA}"
EndProject
Project("{9A19103F-16F7-4668-BE54-9A1E7A4F7556}") = "CapitalPlacementTask.Tests", "CapitalPlacementTask.Tests\CapitalPlacementTask.Tests.csproj", "{2C233370-4525-41E0-8213-3DC1D3FC7F75}"
EndProject
Global
	GlobalSection(SolutionConfigurationPlatforms) = preSolution
		Debug|Any CPU = Debug|Any CPU
		Release|Any CPU = Release|Any CPU
	EndGlobalSection
	GlobalSection(ProjectConfigurationPlatforms) = postSolution
		{7EF1F9F3-E982-43E1-B857-E360EE9567FA}.Debug|Any CPU.ActiveCfg = Debug|Any CPU
		{7EF1F9F3-E982-43E1-B857-E360EE9567FA}.Debug|Any CPU.Build.0 = Debug|Any CPU
		{7EF1F9F3-E982-43E1-B857-E360EE9567FA}.Release|Any CPU.ActiveCfg = Release|Any CPU
		{7EF1F9F3-E982-43E1-B857-E360EE9567FA}.Release|Any CPU.Build.0 = Release|Any CPU
		{2C233370-4525-41E0-8213-3DC1D3FC7F75}.Debug|Any CPU.ActiveCfg = Debug|Any CPU
		{2C233370-4525-41E0-8213-3DC1D3FC7F75}.Debug|Any CPU.Build.0 = Debug|Any CPU
		{2C233370-4525-41E0-8213-3DC1D3FC7F75}.Release|Any CPU.ActiveCfg = Release|Any CPU
		{2C233370-4525-41E0-8213-3DC1D3FC7F75}.Release|Any CPU.Build.0 = Release|Any CPU
	EndGlobalSection
	GlobalSection(SolutionProperties) = preSolution
		HideSolutionNode = FALSE
	EndGlobalSection
	GlobalSection(ExtensibilityGlobals) = postSolution
		SolutionGuid = {138D40B8-BD3B-4A99-8387-E45BAEB584C4}
	EndGlobalSection
EndGlobal
